
Microsoft Visual Studio Solution File, Format Version 12.00
# Visual Studio 15
Project("{FAE04EC0-301F-11D3-BF4B-00C04F79EFBC}") = "Unity.ML-Agents", "Unity.ML-Agents.csproj", "{E9E8D11E-7D57-5C35-A1D5-E641666B07EE}"
EndProject
Project("{FAE04EC0-301F-11D3-BF4B-00C04F79EFBC}") = "UnityEngine.TestRunner", "UnityEngine.TestRunner.csproj", "{C8F2762E-382A-7DA9-B747-E98EC7BB86A9}"
EndProject
Project("{FAE04EC0-301F-11D3-BF4B-00C04F79EFBC}") = "Unity.VisualScripting.Flow", "Unity.VisualScripting.Flow.csproj", "{BE53C85B-12DD-1707-3BCC-7E0924408C61}"
EndProject
Project("{FAE04EC0-301F-11D3-BF4B-00C04F79EFBC}") = "Unity.Barracuda", "Unity.Barracuda.csproj", "{53341858-1521-693E-F8BC-EE0C222B200A}"
EndProject
Project("{FAE04EC0-301F-11D3-BF4B-00C04F79EFBC}") = "Unity.Mathematics", "Unity.Mathematics.csproj", "{BB1507AB-6358-56C6-BA19-D9F5A4886336}"
EndProject
Project("{FAE04EC0-301F-11D3-BF4B-00C04F79EFBC}") = "Unity.Services.Core.Telemetry", "Unity.Services.Core.Telemetry.csproj", "{F39D7C56-620F-0FCE-8ED7-3B64BFABE4B7}"
EndProject
Project("{FAE04EC0-301F-11D3-BF4B-00C04F79EFBC}") = "Unity.Barracuda.ONNX", "Unity.Barracuda.ONNX.csproj", "{6F6A20AB-3DAA-DEDD-0F89-22221F95208E}"
EndProject
Project("{FAE04EC0-301F-11D3-BF4B-00C04F79EFBC}") = "Unity.VisualScripting.State", "Unity.VisualScripting.State.csproj", "{18B30115-29D0-F981-B25B-165CBAFC2954}"
EndProject
Project("{FAE04EC0-301F-11D3-BF4B-00C04F79EFBC}") = "Unity.VisualScripting.Core", "Unity.VisualScripting.Core.csproj", "{1FF02868-E2A8-BD72-14C3-1AE5B187AB44}"
EndProject
Project("{FAE04EC0-301F-11D3-BF4B-00C04F79EFBC}") = "Unity.Services.Core.Environments.Internal", "Unity.Services.Core.Environments.Internal.csproj", "{6D797044-38E6-6CB6-0E8F-D8A1BA1B4029}"
EndProject
Project("{FAE04EC0-301F-11D3-BF4B-00C04F79EFBC}") = "Unity.Burst", "Unity.Burst.csproj", "{66E8E128-2BD3-0587-583E-B3B07875C6FE}"
EndProject
Project("{FAE04EC0-301F-11D3-BF4B-00C04F79EFBC}") = "Unity.TextMeshPro", "Unity.TextMeshPro.csproj", "{D1F1480E-4511-F191-DD27-296E9E6F4683}"
EndProject
Project("{FAE04EC0-301F-11D3-BF4B-00C04F79EFBC}") = "Unity.Timeline", "Unity.Timeline.csproj", "{B295C6CD-51C6-C551-00D6-D09A1EB0F2E2}"
EndProject
Project("{FAE04EC0-301F-11D3-BF4B-00C04F79EFBC}") = "Unity.ML-Agents.CommunicatorObjects", "Unity.ML-Agents.CommunicatorObjects.csproj", "{9920C378-BAB4-39EB-9207-7D093780D1BB}"
EndProject
Project("{FAE04EC0-301F-11D3-BF4B-00C04F79EFBC}") = "Unity.Services.Core.Environments", "Unity.Services.Core.Environments.csproj", "{C1E1B971-078D-D0E2-DC0B-5E3597C757D3}"
EndProject
Project("{FAE04EC0-301F-11D3-BF4B-00C04F79EFBC}") = "Polyperfect.Animals", "Polyperfect.Animals.csproj", "{AFF7889E-D351-CA8B-2857-F45A1D2081AB}"
EndProject
Project("{FAE04EC0-301F-11D3-BF4B-00C04F79EFBC}") = "Assembly-CSharp", "Assembly-CSharp.csproj", "{664EED29-3A28-D7FA-759D-47A1E5C8AFB7}"
EndProject
Project("{FAE04EC0-301F-11D3-BF4B-00C04F79EFBC}") = "Unity.Services.Core.Internal", "Unity.Services.Core.Internal.csproj", "{082B0256-5282-8039-E295-39B3F5E9DEE1}"
EndProject
Project("{FAE04EC0-301F-11D3-BF4B-00C04F79EFBC}") = "Unity.Services.Core.Analytics", "Unity.Services.Core.Analytics.csproj", "{D147A016-F3C1-B4BB-CD30-BC4ADBC6C447}"
EndProject
Project("{FAE04EC0-301F-11D3-BF4B-00C04F79EFBC}") = "Polyperfect.Common", "Polyperfect.Common.csproj", "{8759E857-DA32-2435-B5DD-11B0ED1D16A0}"
EndProject
Project("{FAE04EC0-301F-11D3-BF4B-00C04F79EFBC}") = "Unity.Services.Core.Scheduler", "Unity.Services.Core.Scheduler.csproj", "{891E7B59-EB5D-A8E7-166D-E4A17E158D4C}"
EndProject
Project("{FAE04EC0-301F-11D3-BF4B-00C04F79EFBC}") = "Unity.Services.Core.Registration", "Unity.Services.Core.Registration.csproj", "{655E3E61-5AEE-98BC-4889-CC0B12653FA2}"
EndProject
Project("{FAE04EC0-301F-11D3-BF4B-00C04F79EFBC}") = "Unity.ML-Agents.Extensions.Input", "Unity.ML-Agents.Extensions.Input.csproj", "{886DB78E-9C03-9320-3E76-A25BCD071BB7}"
EndProject
Project("{FAE04EC0-301F-11D3-BF4B-00C04F79EFBC}") = "Unity.Services.Core.Device", "Unity.Services.Core.Device.csproj", "{DA02BAA2-FB4E-4CD6-6B6C-EA3E8F0B0491}"
EndProject
Project("{FAE04EC0-301F-11D3-BF4B-00C04F79EFBC}") = "Unity.ML-Agents.Extensions", "Unity.ML-Agents.Extensions.csproj", "{B4464856-DB7A-03E7-ADC9-0B7DFC4B4184}"
EndProject
Project("{FAE04EC0-301F-11D3-BF4B-00C04F79EFBC}") = "Unity.Services.Core.Threading", "Unity.Services.Core.Threading.csproj", "{96891221-15A6-398F-3CCC-39ED1F204058}"
EndProject
Project("{FAE04EC0-301F-11D3-BF4B-00C04F79EFBC}") = "Unity.Services.Core.Networking", "Unity.Services.Core.Networking.csproj", "{EC269349-9E6D-1850-0225-88032F2D1399}"
EndProject
Project("{FAE04EC0-301F-11D3-BF4B-00C04F79EFBC}") = "Unity.Services.Core", "Unity.Services.Core.csproj", "{39DD738C-6B16-2B87-54BB-F2A84F2E6FC8}"
EndProject
Project("{FAE04EC0-301F-11D3-BF4B-00C04F79EFBC}") = "Unity.Barracuda.BurstBLAS", "Unity.Barracuda.BurstBLAS.csproj", "{11A5B156-D3A0-2857-3D09-F04E7DC3DAA6}"
EndProject
Project("{FAE04EC0-301F-11D3-BF4B-00C04F79EFBC}") = "Unity.Services.Core.Configuration", "Unity.Services.Core.Configuration.csproj", "{4460A993-4FC6-D205-F15E-EC9CAE397C14}"
EndProject
Project("{FAE04EC0-301F-11D3-BF4B-00C04F79EFBC}") = "Unity.Barracuda.iOSBLAS", "Unity.Barracuda.iOSBLAS.csproj", "{DF146967-E349-BBC9-DBCC-959106F8F7B3}"
EndProject
Project("{FAE04EC0-301F-11D3-BF4B-00C04F79EFBC}") = "Unity.Barracuda.MacBLAS", "Unity.Barracuda.MacBLAS.csproj", "{3949C13B-FAD0-7218-C966-88B4254283EA}"
EndProject
Project("{FAE04EC0-301F-11D3-BF4B-00C04F79EFBC}") = "Unity.PlasticSCM.Editor", "Unity.PlasticSCM.Editor.csproj", "{2499E10D-DD8D-7505-EAE0-E3B345209510}"
EndProject
Project("{FAE04EC0-301F-11D3-BF4B-00C04F79EFBC}") = "Unity.VisualScripting.Core.Editor", "Unity.VisualScripting.Core.Editor.csproj", "{FF3D63A2-44D7-523A-87DE-6843E5CD1DF9}"
EndProject
Project("{FAE04EC0-301F-11D3-BF4B-00C04F79EFBC}") = "Unity.VisualScripting.Flow.Editor", "Unity.VisualScripting.Flow.Editor.csproj", "{39860E65-5DFB-A84B-8246-7E36BB09C39A}"
EndProject
Project("{FAE04EC0-301F-11D3-BF4B-00C04F79EFBC}") = "Unity.VisualStudio.Editor", "Unity.VisualStudio.Editor.csproj", "{56E6C16C-8333-6CB0-C7DB-80292FAC8B39}"
EndProject
Project("{FAE04EC0-301F-11D3-BF4B-00C04F79EFBC}") = "Unity.Timeline.Editor", "Unity.Timeline.Editor.csproj", "{F507C5C8-86BD-B362-8C49-2BA727C8D058}"
EndProject
Project("{FAE04EC0-301F-11D3-BF4B-00C04F79EFBC}") = "Unity.VisualScripting.State.Editor", "Unity.VisualScripting.State.Editor.csproj", "{87AE870A-C630-8163-4350-D1781851ABC1}"
EndProject
Project("{FAE04EC0-301F-11D3-BF4B-00C04F79EFBC}") = "Unity.TextMeshPro.Editor", "Unity.TextMeshPro.Editor.csproj", "{0D9F3E9B-CB38-D3B2-CB3C-0B5F516271BC}"
EndProject
Project("{FAE04EC0-301F-11D3-BF4B-00C04F79EFBC}") = "Unity.VisualScripting.SettingsProvider.Editor", "Unity.VisualScripting.SettingsProvider.Editor.csproj", "{8CD275A2-AFF6-6028-98BB-C035CC0596A1}"
EndProject
Project("{FAE04EC0-301F-11D3-BF4B-00C04F79EFBC}") = "Unity.CollabProxy.Editor", "Unity.CollabProxy.Editor.csproj", "{9547637B-1A73-C215-6602-7A70690302B7}"
EndProject
Project("{FAE04EC0-301F-11D3-BF4B-00C04F79EFBC}") = "UnityEditor.TestRunner", "UnityEditor.TestRunner.csproj", "{4E07F25C-8429-E069-1DE7-1EEEA245354C}"
EndProject
Project("{FAE04EC0-301F-11D3-BF4B-00C04F79EFBC}") = "Unity.Services.Core.Editor", "Unity.Services.Core.Editor.csproj", "{59B26459-EC82-01EB-40C2-634DCD4519EF}"
EndProject
Project("{FAE04EC0-301F-11D3-BF4B-00C04F79EFBC}") = "Unity.TestTools.CodeCoverage.Editor", "Unity.TestTools.CodeCoverage.Editor.csproj", "{C914C4A2-7900-88F3-8EFC-3BB60D62ACB1}"
EndProject
Project("{FAE04EC0-301F-11D3-BF4B-00C04F79EFBC}") = "Unity.Rider.Editor", "Unity.Rider.Editor.csproj", "{8738BA32-A470-1CF2-DCDD-9F8511FDF06E}"
EndProject
Project("{FAE04EC0-301F-11D3-BF4B-00C04F79EFBC}") = "Unity.Performance.Profile-Analyzer.Editor", "Unity.Performance.Profile-Analyzer.Editor.csproj", "{F0C0ED39-65BA-6429-D93E-53D28DF74814}"
EndProject
Project("{FAE04EC0-301F-11D3-BF4B-00C04F79EFBC}") = "Unity.ML-Agents.Extensions.Editor", "Unity.ML-Agents.Extensions.Editor.csproj", "{866050B3-F6C9-3E0D-4352-A50E1B0F3BC6}"
EndProject
Project("{FAE04EC0-301F-11D3-BF4B-00C04F79EFBC}") = "Unity.Burst.CodeGen", "Unity.Burst.CodeGen.csproj", "{26AD039F-FB25-654A-67C9-14F08ED16F15}"
EndProject
Project("{FAE04EC0-301F-11D3-BF4B-00C04F79EFBC}") = "Unity.VSCode.Editor", "Unity.VSCode.Editor.csproj", "{16575BB4-6D35-DD88-643A-AD32A278CB83}"
EndProject
Project("{FAE04EC0-301F-11D3-BF4B-00C04F79EFBC}") = "Unity.TestTools.CodeCoverage.Editor.OpenCover.Model", "Unity.TestTools.CodeCoverage.Editor.OpenCover.Model.csproj", "{37156F0B-29A3-7925-FD37-AB73743E9FF0}"
EndProject
Project("{FAE04EC0-301F-11D3-BF4B-00C04F79EFBC}") = "Unity.EditorCoroutines.Editor", "Unity.EditorCoroutines.Editor.csproj", "{CCB564A0-3D68-EB0F-21BD-6B3C46F0A7EB}"
EndProject
Project("{FAE04EC0-301F-11D3-BF4B-00C04F79EFBC}") = "Unity.Settings.Editor", "Unity.Settings.Editor.csproj", "{931D47C9-1ABF-4120-A10D-EB604A608C05}"
EndProject
Project("{FAE04EC0-301F-11D3-BF4B-00C04F79EFBC}") = "Unity.Mathematics.Editor", "Unity.Mathematics.Editor.csproj", "{3B7C7037-30A7-BB0B-6027-E59FD8C123D4}"
EndProject
Project("{FAE04EC0-301F-11D3-BF4B-00C04F79EFBC}") = "Unity.Services.Core.Configuration.Editor", "Unity.Services.Core.Configuration.Editor.csproj", "{C12EF800-F8C7-8145-2DD8-3D64CD40B42C}"
EndProject
Project("{FAE04EC0-301F-11D3-BF4B-00C04F79EFBC}") = "Unity.ML-Agents.Extensions.Editor.Input", "Unity.ML-Agents.Extensions.Editor.Input.csproj", "{6F0088B5-9A0E-84D5-BB69-75C9FA33DB0F}"
EndProject
Project("{FAE04EC0-301F-11D3-BF4B-00C04F79EFBC}") = "Unity.ML-Agents.Editor", "Unity.ML-Agents.Editor.csproj", "{746F3A7F-BA40-5112-154B-F1CB31CF8D6E}"
EndProject
Project("{FAE04EC0-301F-11D3-BF4B-00C04F79EFBC}") = "Unity.Burst.Editor", "Unity.Burst.Editor.csproj", "{B8AC6AFD-0E50-90CE-31B6-1A25DDCB25F3}"
EndProject
Project("{FAE04EC0-301F-11D3-BF4B-00C04F79EFBC}") = "Unity.Barracuda.Editor", "Unity.Barracuda.Editor.csproj", "{EFD2B61F-7406-78D0-8068-4EC72A186598}"
EndProject
Project("{FAE04EC0-301F-11D3-BF4B-00C04F79EFBC}") = "Unity.TestTools.CodeCoverage.Editor.OpenCover.Mono.Reflection", "Unity.TestTools.CodeCoverage.Editor.OpenCover.Mono.Reflection.csproj", "{C076741F-B14A-613A-C911-7869781ABE07}"
EndProject
Project("{FAE04EC0-301F-11D3-BF4B-00C04F79EFBC}") = "Unity.VisualScripting.Shared.Editor", "Unity.VisualScripting.Shared.Editor.csproj", "{0804B9C5-8CA3-578C-B9D4-A0BA0AE42558}"
EndProject
Global
	GlobalSection(SolutionConfigurationPlatforms) = preSolution
		Debug|Any CPU = Debug|Any CPU
		Release|Any CPU = Release|Any CPU
	EndGlobalSection
	GlobalSection(ProjectConfigurationPlatforms) = postSolution
		{E9E8D11E-7D57-5C35-A1D5-E641666B07EE}.Debug|Any CPU.ActiveCfg = Debug|Any CPU
		{E9E8D11E-7D57-5C35-A1D5-E641666B07EE}.Debug|Any CPU.Build.0 = Debug|Any CPU
		{E9E8D11E-7D57-5C35-A1D5-E641666B07EE}.Release|Any CPU.ActiveCfg = Release|Any CPU
		{E9E8D11E-7D57-5C35-A1D5-E641666B07EE}.Release|Any CPU.Build.0 = Release|Any CPU
		{C8F2762E-382A-7DA9-B747-E98EC7BB86A9}.Debug|Any CPU.ActiveCfg = Debug|Any CPU
		{C8F2762E-382A-7DA9-B747-E98EC7BB86A9}.Debug|Any CPU.Build.0 = Debug|Any CPU
		{C8F2762E-382A-7DA9-B747-E98EC7BB86A9}.Release|Any CPU.ActiveCfg = Release|Any CPU
		{C8F2762E-382A-7DA9-B747-E98EC7BB86A9}.Release|Any CPU.Build.0 = Release|Any CPU
		{BE53C85B-12DD-1707-3BCC-7E0924408C61}.Debug|Any CPU.ActiveCfg = Debug|Any CPU
		{BE53C85B-12DD-1707-3BCC-7E0924408C61}.Debug|Any CPU.Build.0 = Debug|Any CPU
		{BE53C85B-12DD-1707-3BCC-7E0924408C61}.Release|Any CPU.ActiveCfg = Release|Any CPU
		{BE53C85B-12DD-1707-3BCC-7E0924408C61}.Release|Any CPU.Build.0 = Release|Any CPU
		{53341858-1521-693E-F8BC-EE0C222B200A}.Debug|Any CPU.ActiveCfg = Debug|Any CPU
		{53341858-1521-693E-F8BC-EE0C222B200A}.Debug|Any CPU.Build.0 = Debug|Any CPU
		{53341858-1521-693E-F8BC-EE0C222B200A}.Release|Any CPU.ActiveCfg = Release|Any CPU
		{53341858-1521-693E-F8BC-EE0C222B200A}.Release|Any CPU.Build.0 = Release|Any CPU
		{BB1507AB-6358-56C6-BA19-D9F5A4886336}.Debug|Any CPU.ActiveCfg = Debug|Any CPU
		{BB1507AB-6358-56C6-BA19-D9F5A4886336}.Debug|Any CPU.Build.0 = Debug|Any CPU
		{BB1507AB-6358-56C6-BA19-D9F5A4886336}.Release|Any CPU.ActiveCfg = Release|Any CPU
		{BB1507AB-6358-56C6-BA19-D9F5A4886336}.Release|Any CPU.Build.0 = Release|Any CPU
		{F39D7C56-620F-0FCE-8ED7-3B64BFABE4B7}.Debug|Any CPU.ActiveCfg = Debug|Any CPU
		{F39D7C56-620F-0FCE-8ED7-3B64BFABE4B7}.Debug|Any CPU.Build.0 = Debug|Any CPU
		{F39D7C56-620F-0FCE-8ED7-3B64BFABE4B7}.Release|Any CPU.ActiveCfg = Release|Any CPU
		{F39D7C56-620F-0FCE-8ED7-3B64BFABE4B7}.Release|Any CPU.Build.0 = Release|Any CPU
		{6F6A20AB-3DAA-DEDD-0F89-22221F95208E}.Debug|Any CPU.ActiveCfg = Debug|Any CPU
		{6F6A20AB-3DAA-DEDD-0F89-22221F95208E}.Debug|Any CPU.Build.0 = Debug|Any CPU
		{6F6A20AB-3DAA-DEDD-0F89-22221F95208E}.Release|Any CPU.ActiveCfg = Release|Any CPU
		{6F6A20AB-3DAA-DEDD-0F89-22221F95208E}.Release|Any CPU.Build.0 = Release|Any CPU
		{18B30115-29D0-F981-B25B-165CBAFC2954}.Debug|Any CPU.ActiveCfg = Debug|Any CPU
		{18B30115-29D0-F981-B25B-165CBAFC2954}.Debug|Any CPU.Build.0 = Debug|Any CPU
		{18B30115-29D0-F981-B25B-165CBAFC2954}.Release|Any CPU.ActiveCfg = Release|Any CPU
		{18B30115-29D0-F981-B25B-165CBAFC2954}.Release|Any CPU.Build.0 = Release|Any CPU
		{1FF02868-E2A8-BD72-14C3-1AE5B187AB44}.Debug|Any CPU.ActiveCfg = Debug|Any CPU
		{1FF02868-E2A8-BD72-14C3-1AE5B187AB44}.Debug|Any CPU.Build.0 = Debug|Any CPU
		{1FF02868-E2A8-BD72-14C3-1AE5B187AB44}.Release|Any CPU.ActiveCfg = Release|Any CPU
		{1FF02868-E2A8-BD72-14C3-1AE5B187AB44}.Release|Any CPU.Build.0 = Release|Any CPU
		{6D797044-38E6-6CB6-0E8F-D8A1BA1B4029}.Debug|Any CPU.ActiveCfg = Debug|Any CPU
		{6D797044-38E6-6CB6-0E8F-D8A1BA1B4029}.Debug|Any CPU.Build.0 = Debug|Any CPU
		{6D797044-38E6-6CB6-0E8F-D8A1BA1B4029}.Release|Any CPU.ActiveCfg = Release|Any CPU
		{6D797044-38E6-6CB6-0E8F-D8A1BA1B4029}.Release|Any CPU.Build.0 = Release|Any CPU
		{66E8E128-2BD3-0587-583E-B3B07875C6FE}.Debug|Any CPU.ActiveCfg = Debug|Any CPU
		{66E8E128-2BD3-0587-583E-B3B07875C6FE}.Debug|Any CPU.Build.0 = Debug|Any CPU
		{66E8E128-2BD3-0587-583E-B3B07875C6FE}.Release|Any CPU.ActiveCfg = Release|Any CPU
		{66E8E128-2BD3-0587-583E-B3B07875C6FE}.Release|Any CPU.Build.0 = Release|Any CPU
		{D1F1480E-4511-F191-DD27-296E9E6F4683}.Debug|Any CPU.ActiveCfg = Debug|Any CPU
		{D1F1480E-4511-F191-DD27-296E9E6F4683}.Debug|Any CPU.Build.0 = Debug|Any CPU
		{D1F1480E-4511-F191-DD27-296E9E6F4683}.Release|Any CPU.ActiveCfg = Release|Any CPU
		{D1F1480E-4511-F191-DD27-296E9E6F4683}.Release|Any CPU.Build.0 = Release|Any CPU
		{B295C6CD-51C6-C551-00D6-D09A1EB0F2E2}.Debug|Any CPU.ActiveCfg = Debug|Any CPU
		{B295C6CD-51C6-C551-00D6-D09A1EB0F2E2}.Debug|Any CPU.Build.0 = Debug|Any CPU
		{B295C6CD-51C6-C551-00D6-D09A1EB0F2E2}.Release|Any CPU.ActiveCfg = Release|Any CPU
		{B295C6CD-51C6-C551-00D6-D09A1EB0F2E2}.Release|Any CPU.Build.0 = Release|Any CPU
		{9920C378-BAB4-39EB-9207-7D093780D1BB}.Debug|Any CPU.ActiveCfg = Debug|Any CPU
		{9920C378-BAB4-39EB-9207-7D093780D1BB}.Debug|Any CPU.Build.0 = Debug|Any CPU
		{9920C378-BAB4-39EB-9207-7D093780D1BB}.Release|Any CPU.ActiveCfg = Release|Any CPU
		{9920C378-BAB4-39EB-9207-7D093780D1BB}.Release|Any CPU.Build.0 = Release|Any CPU
		{C1E1B971-078D-D0E2-DC0B-5E3597C757D3}.Debug|Any CPU.ActiveCfg = Debug|Any CPU
		{C1E1B971-078D-D0E2-DC0B-5E3597C757D3}.Debug|Any CPU.Build.0 = Debug|Any CPU
		{C1E1B971-078D-D0E2-DC0B-5E3597C757D3}.Release|Any CPU.ActiveCfg = Release|Any CPU
		{C1E1B971-078D-D0E2-DC0B-5E3597C757D3}.Release|Any CPU.Build.0 = Release|Any CPU
		{AFF7889E-D351-CA8B-2857-F45A1D2081AB}.Debug|Any CPU.ActiveCfg = Debug|Any CPU
		{AFF7889E-D351-CA8B-2857-F45A1D2081AB}.Debug|Any CPU.Build.0 = Debug|Any CPU
		{AFF7889E-D351-CA8B-2857-F45A1D2081AB}.Release|Any CPU.ActiveCfg = Release|Any CPU
		{AFF7889E-D351-CA8B-2857-F45A1D2081AB}.Release|Any CPU.Build.0 = Release|Any CPU
		{664EED29-3A28-D7FA-759D-47A1E5C8AFB7}.Debug|Any CPU.ActiveCfg = Debug|Any CPU
		{664EED29-3A28-D7FA-759D-47A1E5C8AFB7}.Debug|Any CPU.Build.0 = Debug|Any CPU
		{664EED29-3A28-D7FA-759D-47A1E5C8AFB7}.Release|Any CPU.ActiveCfg = Release|Any CPU
		{664EED29-3A28-D7FA-759D-47A1E5C8AFB7}.Release|Any CPU.Build.0 = Release|Any CPU
		{082B0256-5282-8039-E295-39B3F5E9DEE1}.Debug|Any CPU.ActiveCfg = Debug|Any CPU
		{082B0256-5282-8039-E295-39B3F5E9DEE1}.Debug|Any CPU.Build.0 = Debug|Any CPU
		{082B0256-5282-8039-E295-39B3F5E9DEE1}.Release|Any CPU.ActiveCfg = Release|Any CPU
		{082B0256-5282-8039-E295-39B3F5E9DEE1}.Release|Any CPU.Build.0 = Release|Any CPU
		{D147A016-F3C1-B4BB-CD30-BC4ADBC6C447}.Debug|Any CPU.ActiveCfg = Debug|Any CPU
		{D147A016-F3C1-B4BB-CD30-BC4ADBC6C447}.Debug|Any CPU.Build.0 = Debug|Any CPU
		{D147A016-F3C1-B4BB-CD30-BC4ADBC6C447}.Release|Any CPU.ActiveCfg = Release|Any CPU
		{D147A016-F3C1-B4BB-CD30-BC4ADBC6C447}.Release|Any CPU.Build.0 = Release|Any CPU
		{8759E857-DA32-2435-B5DD-11B0ED1D16A0}.Debug|Any CPU.ActiveCfg = Debug|Any CPU
		{8759E857-DA32-2435-B5DD-11B0ED1D16A0}.Debug|Any CPU.Build.0 = Debug|Any CPU
		{8759E857-DA32-2435-B5DD-11B0ED1D16A0}.Release|Any CPU.ActiveCfg = Release|Any CPU
		{8759E857-DA32-2435-B5DD-11B0ED1D16A0}.Release|Any CPU.Build.0 = Release|Any CPU
		{891E7B59-EB5D-A8E7-166D-E4A17E158D4C}.Debug|Any CPU.ActiveCfg = Debug|Any CPU
		{891E7B59-EB5D-A8E7-166D-E4A17E158D4C}.Debug|Any CPU.Build.0 = Debug|Any CPU
		{891E7B59-EB5D-A8E7-166D-E4A17E158D4C}.Release|Any CPU.ActiveCfg = Release|Any CPU
		{891E7B59-EB5D-A8E7-166D-E4A17E158D4C}.Release|Any CPU.Build.0 = Release|Any CPU
		{655E3E61-5AEE-98BC-4889-CC0B12653FA2}.Debug|Any CPU.ActiveCfg = Debug|Any CPU
		{655E3E61-5AEE-98BC-4889-CC0B12653FA2}.Debug|Any CPU.Build.0 = Debug|Any CPU
		{655E3E61-5AEE-98BC-4889-CC0B12653FA2}.Release|Any CPU.ActiveCfg = Release|Any CPU
		{655E3E61-5AEE-98BC-4889-CC0B12653FA2}.Release|Any CPU.Build.0 = Release|Any CPU
		{886DB78E-9C03-9320-3E76-A25BCD071BB7}.Debug|Any CPU.ActiveCfg = Debug|Any CPU
		{886DB78E-9C03-9320-3E76-A25BCD071BB7}.Debug|Any CPU.Build.0 = Debug|Any CPU
		{886DB78E-9C03-9320-3E76-A25BCD071BB7}.Release|Any CPU.ActiveCfg = Release|Any CPU
		{886DB78E-9C03-9320-3E76-A25BCD071BB7}.Release|Any CPU.Build.0 = Release|Any CPU
		{DA02BAA2-FB4E-4CD6-6B6C-EA3E8F0B0491}.Debug|Any CPU.ActiveCfg = Debug|Any CPU
		{DA02BAA2-FB4E-4CD6-6B6C-EA3E8F0B0491}.Debug|Any CPU.Build.0 = Debug|Any CPU
		{DA02BAA2-FB4E-4CD6-6B6C-EA3E8F0B0491}.Release|Any CPU.ActiveCfg = Release|Any CPU
		{DA02BAA2-FB4E-4CD6-6B6C-EA3E8F0B0491}.Release|Any CPU.Build.0 = Release|Any CPU
		{B4464856-DB7A-03E7-ADC9-0B7DFC4B4184}.Debug|Any CPU.ActiveCfg = Debug|Any CPU
		{B4464856-DB7A-03E7-ADC9-0B7DFC4B4184}.Debug|Any CPU.Build.0 = Debug|Any CPU
		{B4464856-DB7A-03E7-ADC9-0B7DFC4B4184}.Release|Any CPU.ActiveCfg = Release|Any CPU
		{B4464856-DB7A-03E7-ADC9-0B7DFC4B4184}.Release|Any CPU.Build.0 = Release|Any CPU
		{96891221-15A6-398F-3CCC-39ED1F204058}.Debug|Any CPU.ActiveCfg = Debug|Any CPU
		{96891221-15A6-398F-3CCC-39ED1F204058}.Debug|Any CPU.Build.0 = Debug|Any CPU
		{96891221-15A6-398F-3CCC-39ED1F204058}.Release|Any CPU.ActiveCfg = Release|Any CPU
		{96891221-15A6-398F-3CCC-39ED1F204058}.Release|Any CPU.Build.0 = Release|Any CPU
		{EC269349-9E6D-1850-0225-88032F2D1399}.Debug|Any CPU.ActiveCfg = Debug|Any CPU
		{EC269349-9E6D-1850-0225-88032F2D1399}.Debug|Any CPU.Build.0 = Debug|Any CPU
		{EC269349-9E6D-1850-0225-88032F2D1399}.Release|Any CPU.ActiveCfg = Release|Any CPU
		{EC269349-9E6D-1850-0225-88032F2D1399}.Release|Any CPU.Build.0 = Release|Any CPU
		{39DD738C-6B16-2B87-54BB-F2A84F2E6FC8}.Debug|Any CPU.ActiveCfg = Debug|Any CPU
		{39DD738C-6B16-2B87-54BB-F2A84F2E6FC8}.Debug|Any CPU.Build.0 = Debug|Any CPU
		{39DD738C-6B16-2B87-54BB-F2A84F2E6FC8}.Release|Any CPU.ActiveCfg = Release|Any CPU
		{39DD738C-6B16-2B87-54BB-F2A84F2E6FC8}.Release|Any CPU.Build.0 = Release|Any CPU
		{11A5B156-D3A0-2857-3D09-F04E7DC3DAA6}.Debug|Any CPU.ActiveCfg = Debug|Any CPU
		{11A5B156-D3A0-2857-3D09-F04E7DC3DAA6}.Debug|Any CPU.Build.0 = Debug|Any CPU
		{11A5B156-D3A0-2857-3D09-F04E7DC3DAA6}.Release|Any CPU.ActiveCfg = Release|Any CPU
		{11A5B156-D3A0-2857-3D09-F04E7DC3DAA6}.Release|Any CPU.Build.0 = Release|Any CPU
		{4460A993-4FC6-D205-F15E-EC9CAE397C14}.Debug|Any CPU.ActiveCfg = Debug|Any CPU
		{4460A993-4FC6-D205-F15E-EC9CAE397C14}.Debug|Any CPU.Build.0 = Debug|Any CPU
		{4460A993-4FC6-D205-F15E-EC9CAE397C14}.Release|Any CPU.ActiveCfg = Release|Any CPU
		{4460A993-4FC6-D205-F15E-EC9CAE397C14}.Release|Any CPU.Build.0 = Release|Any CPU
		{DF146967-E349-BBC9-DBCC-959106F8F7B3}.Debug|Any CPU.ActiveCfg = Debug|Any CPU
		{DF146967-E349-BBC9-DBCC-959106F8F7B3}.Debug|Any CPU.Build.0 = Debug|Any CPU
		{DF146967-E349-BBC9-DBCC-959106F8F7B3}.Release|Any CPU.ActiveCfg = Release|Any CPU
		{DF146967-E349-BBC9-DBCC-959106F8F7B3}.Release|Any CPU.Build.0 = Release|Any CPU
		{3949C13B-FAD0-7218-C966-88B4254283EA}.Debug|Any CPU.ActiveCfg = Debug|Any CPU
		{3949C13B-FAD0-7218-C966-88B4254283EA}.Debug|Any CPU.Build.0 = Debug|Any CPU
		{3949C13B-FAD0-7218-C966-88B4254283EA}.Release|Any CPU.ActiveCfg = Release|Any CPU
		{3949C13B-FAD0-7218-C966-88B4254283EA}.Release|Any CPU.Build.0 = Release|Any CPU
		{2499E10D-DD8D-7505-EAE0-E3B345209510}.Debug|Any CPU.ActiveCfg = Debug|Any CPU
		{2499E10D-DD8D-7505-EAE0-E3B345209510}.Debug|Any CPU.Build.0 = Debug|Any CPU
		{2499E10D-DD8D-7505-EAE0-E3B345209510}.Release|Any CPU.ActiveCfg = Release|Any CPU
		{2499E10D-DD8D-7505-EAE0-E3B345209510}.Release|Any CPU.Build.0 = Release|Any CPU
		{FF3D63A2-44D7-523A-87DE-6843E5CD1DF9}.Debug|Any CPU.ActiveCfg = Debug|Any CPU
		{FF3D63A2-44D7-523A-87DE-6843E5CD1DF9}.Debug|Any CPU.Build.0 = Debug|Any CPU
		{FF3D63A2-44D7-523A-87DE-6843E5CD1DF9}.Release|Any CPU.ActiveCfg = Release|Any CPU
		{FF3D63A2-44D7-523A-87DE-6843E5CD1DF9}.Release|Any CPU.Build.0 = Release|Any CPU
		{39860E65-5DFB-A84B-8246-7E36BB09C39A}.Debug|Any CPU.ActiveCfg = Debug|Any CPU
		{39860E65-5DFB-A84B-8246-7E36BB09C39A}.Debug|Any CPU.Build.0 = Debug|Any CPU
		{39860E65-5DFB-A84B-8246-7E36BB09C39A}.Release|Any CPU.ActiveCfg = Release|Any CPU
		{39860E65-5DFB-A84B-8246-7E36BB09C39A}.Release|Any CPU.Build.0 = Release|Any CPU
		{56E6C16C-8333-6CB0-C7DB-80292FAC8B39}.Debug|Any CPU.ActiveCfg = Debug|Any CPU
		{56E6C16C-8333-6CB0-C7DB-80292FAC8B39}.Debug|Any CPU.Build.0 = Debug|Any CPU
		{56E6C16C-8333-6CB0-C7DB-80292FAC8B39}.Release|Any CPU.ActiveCfg = Release|Any CPU
		{56E6C16C-8333-6CB0-C7DB-80292FAC8B39}.Release|Any CPU.Build.0 = Release|Any CPU
		{F507C5C8-86BD-B362-8C49-2BA727C8D058}.Debug|Any CPU.ActiveCfg = Debug|Any CPU
		{F507C5C8-86BD-B362-8C49-2BA727C8D058}.Debug|Any CPU.Build.0 = Debug|Any CPU
		{F507C5C8-86BD-B362-8C49-2BA727C8D058}.Release|Any CPU.ActiveCfg = Release|Any CPU
		{F507C5C8-86BD-B362-8C49-2BA727C8D058}.Release|Any CPU.Build.0 = Release|Any CPU
		{87AE870A-C630-8163-4350-D1781851ABC1}.Debug|Any CPU.ActiveCfg = Debug|Any CPU
		{87AE870A-C630-8163-4350-D1781851ABC1}.Debug|Any CPU.Build.0 = Debug|Any CPU
		{87AE870A-C630-8163-4350-D1781851ABC1}.Release|Any CPU.ActiveCfg = Release|Any CPU
		{87AE870A-C630-8163-4350-D1781851ABC1}.Release|Any CPU.Build.0 = Release|Any CPU
		{0D9F3E9B-CB38-D3B2-CB3C-0B5F516271BC}.Debug|Any CPU.ActiveCfg = Debug|Any CPU
		{0D9F3E9B-CB38-D3B2-CB3C-0B5F516271BC}.Debug|Any CPU.Build.0 = Debug|Any CPU
		{0D9F3E9B-CB38-D3B2-CB3C-0B5F516271BC}.Release|Any CPU.ActiveCfg = Release|Any CPU
		{0D9F3E9B-CB38-D3B2-CB3C-0B5F516271BC}.Release|Any CPU.Build.0 = Release|Any CPU
		{8CD275A2-AFF6-6028-98BB-C035CC0596A1}.Debug|Any CPU.ActiveCfg = Debug|Any CPU
		{8CD275A2-AFF6-6028-98BB-C035CC0596A1}.Debug|Any CPU.Build.0 = Debug|Any CPU
		{8CD275A2-AFF6-6028-98BB-C035CC0596A1}.Release|Any CPU.ActiveCfg = Release|Any CPU
		{8CD275A2-AFF6-6028-98BB-C035CC0596A1}.Release|Any CPU.Build.0 = Release|Any CPU
		{9547637B-1A73-C215-6602-7A70690302B7}.Debug|Any CPU.ActiveCfg = Debug|Any CPU
		{9547637B-1A73-C215-6602-7A70690302B7}.Debug|Any CPU.Build.0 = Debug|Any CPU
		{9547637B-1A73-C215-6602-7A70690302B7}.Release|Any CPU.ActiveCfg = Release|Any CPU
		{9547637B-1A73-C215-6602-7A70690302B7}.Release|Any CPU.Build.0 = Release|Any CPU
		{4E07F25C-8429-E069-1DE7-1EEEA245354C}.Debug|Any CPU.ActiveCfg = Debug|Any CPU
		{4E07F25C-8429-E069-1DE7-1EEEA245354C}.Debug|Any CPU.Build.0 = Debug|Any CPU
		{4E07F25C-8429-E069-1DE7-1EEEA245354C}.Release|Any CPU.ActiveCfg = Release|Any CPU
		{4E07F25C-8429-E069-1DE7-1EEEA245354C}.Release|Any CPU.Build.0 = Release|Any CPU
		{59B26459-EC82-01EB-40C2-634DCD4519EF}.Debug|Any CPU.ActiveCfg = Debug|Any CPU
		{59B26459-EC82-01EB-40C2-634DCD4519EF}.Debug|Any CPU.Build.0 = Debug|Any CPU
		{59B26459-EC82-01EB-40C2-634DCD4519EF}.Release|Any CPU.ActiveCfg = Release|Any CPU
		{59B26459-EC82-01EB-40C2-634DCD4519EF}.Release|Any CPU.Build.0 = Release|Any CPU
		{C914C4A2-7900-88F3-8EFC-3BB60D62ACB1}.Debug|Any CPU.ActiveCfg = Debug|Any CPU
		{C914C4A2-7900-88F3-8EFC-3BB60D62ACB1}.Debug|Any CPU.Build.0 = Debug|Any CPU
		{C914C4A2-7900-88F3-8EFC-3BB60D62ACB1}.Release|Any CPU.ActiveCfg = Release|Any CPU
		{C914C4A2-7900-88F3-8EFC-3BB60D62ACB1}.Release|Any CPU.Build.0 = Release|Any CPU
		{8738BA32-A470-1CF2-DCDD-9F8511FDF06E}.Debug|Any CPU.ActiveCfg = Debug|Any CPU
		{8738BA32-A470-1CF2-DCDD-9F8511FDF06E}.Debug|Any CPU.Build.0 = Debug|Any CPU
		{8738BA32-A470-1CF2-DCDD-9F8511FDF06E}.Release|Any CPU.ActiveCfg = Release|Any CPU
		{8738BA32-A470-1CF2-DCDD-9F8511FDF06E}.Release|Any CPU.Build.0 = Release|Any CPU
		{F0C0ED39-65BA-6429-D93E-53D28DF74814}.Debug|Any CPU.ActiveCfg = Debug|Any CPU
		{F0C0ED39-65BA-6429-D93E-53D28DF74814}.Debug|Any CPU.Build.0 = Debug|Any CPU
		{F0C0ED39-65BA-6429-D93E-53D28DF74814}.Release|Any CPU.ActiveCfg = Release|Any CPU
		{F0C0ED39-65BA-6429-D93E-53D28DF74814}.Release|Any CPU.Build.0 = Release|Any CPU
		{866050B3-F6C9-3E0D-4352-A50E1B0F3BC6}.Debug|Any CPU.ActiveCfg = Debug|Any CPU
		{866050B3-F6C9-3E0D-4352-A50E1B0F3BC6}.Debug|Any CPU.Build.0 = Debug|Any CPU
		{866050B3-F6C9-3E0D-4352-A50E1B0F3BC6}.Release|Any CPU.ActiveCfg = Release|Any CPU
		{866050B3-F6C9-3E0D-4352-A50E1B0F3BC6}.Release|Any CPU.Build.0 = Release|Any CPU
		{26AD039F-FB25-654A-67C9-14F08ED16F15}.Debug|Any CPU.ActiveCfg = Debug|Any CPU
		{26AD039F-FB25-654A-67C9-14F08ED16F15}.Debug|Any CPU.Build.0 = Debug|Any CPU
		{26AD039F-FB25-654A-67C9-14F08ED16F15}.Release|Any CPU.ActiveCfg = Release|Any CPU
		{26AD039F-FB25-654A-67C9-14F08ED16F15}.Release|Any CPU.Build.0 = Release|Any CPU
		{16575BB4-6D35-DD88-643A-AD32A278CB83}.Debug|Any CPU.ActiveCfg = Debug|Any CPU
		{16575BB4-6D35-DD88-643A-AD32A278CB83}.Debug|Any CPU.Build.0 = Debug|Any CPU
		{16575BB4-6D35-DD88-643A-AD32A278CB83}.Release|Any CPU.ActiveCfg = Release|Any CPU
		{16575BB4-6D35-DD88-643A-AD32A278CB83}.Release|Any CPU.Build.0 = Release|Any CPU
		{37156F0B-29A3-7925-FD37-AB73743E9FF0}.Debug|Any CPU.ActiveCfg = Debug|Any CPU
		{37156F0B-29A3-7925-FD37-AB73743E9FF0}.Debug|Any CPU.Build.0 = Debug|Any CPU
		{37156F0B-29A3-7925-FD37-AB73743E9FF0}.Release|Any CPU.ActiveCfg = Release|Any CPU
		{37156F0B-29A3-7925-FD37-AB73743E9FF0}.Release|Any CPU.Build.0 = Release|Any CPU
		{CCB564A0-3D68-EB0F-21BD-6B3C46F0A7EB}.Debug|Any CPU.ActiveCfg = Debug|Any CPU
		{CCB564A0-3D68-EB0F-21BD-6B3C46F0A7EB}.Debug|Any CPU.Build.0 = Debug|Any CPU
		{CCB564A0-3D68-EB0F-21BD-6B3C46F0A7EB}.Release|Any CPU.ActiveCfg = Release|Any CPU
		{CCB564A0-3D68-EB0F-21BD-6B3C46F0A7EB}.Release|Any CPU.Build.0 = Release|Any CPU
		{931D47C9-1ABF-4120-A10D-EB604A608C05}.Debug|Any CPU.ActiveCfg = Debug|Any CPU
		{931D47C9-1ABF-4120-A10D-EB604A608C05}.Debug|Any CPU.Build.0 = Debug|Any CPU
		{931D47C9-1ABF-4120-A10D-EB604A608C05}.Release|Any CPU.ActiveCfg = Release|Any CPU
		{931D47C9-1ABF-4120-A10D-EB604A608C05}.Release|Any CPU.Build.0 = Release|Any CPU
		{3B7C7037-30A7-BB0B-6027-E59FD8C123D4}.Debug|Any CPU.ActiveCfg = Debug|Any CPU
		{3B7C7037-30A7-BB0B-6027-E59FD8C123D4}.Debug|Any CPU.Build.0 = Debug|Any CPU
		{3B7C7037-30A7-BB0B-6027-E59FD8C123D4}.Release|Any CPU.ActiveCfg = Release|Any CPU
		{3B7C7037-30A7-BB0B-6027-E59FD8C123D4}.Release|Any CPU.Build.0 = Release|Any CPU
		{C12EF800-F8C7-8145-2DD8-3D64CD40B42C}.Debug|Any CPU.ActiveCfg = Debug|Any CPU
		{C12EF800-F8C7-8145-2DD8-3D64CD40B42C}.Debug|Any CPU.Build.0 = Debug|Any CPU
		{C12EF800-F8C7-8145-2DD8-3D64CD40B42C}.Release|Any CPU.ActiveCfg = Release|Any CPU
		{C12EF800-F8C7-8145-2DD8-3D64CD40B42C}.Release|Any CPU.Build.0 = Release|Any CPU
		{6F0088B5-9A0E-84D5-BB69-75C9FA33DB0F}.Debug|Any CPU.ActiveCfg = Debug|Any CPU
		{6F0088B5-9A0E-84D5-BB69-75C9FA33DB0F}.Debug|Any CPU.Build.0 = Debug|Any CPU
		{6F0088B5-9A0E-84D5-BB69-75C9FA33DB0F}.Release|Any CPU.ActiveCfg = Release|Any CPU
		{6F0088B5-9A0E-84D5-BB69-75C9FA33DB0F}.Release|Any CPU.Build.0 = Release|Any CPU
		{746F3A7F-BA40-5112-154B-F1CB31CF8D6E}.Debug|Any CPU.ActiveCfg = Debug|Any CPU
		{746F3A7F-BA40-5112-154B-F1CB31CF8D6E}.Debug|Any CPU.Build.0 = Debug|Any CPU
		{746F3A7F-BA40-5112-154B-F1CB31CF8D6E}.Release|Any CPU.ActiveCfg = Release|Any CPU
		{746F3A7F-BA40-5112-154B-F1CB31CF8D6E}.Release|Any CPU.Build.0 = Release|Any CPU
		{B8AC6AFD-0E50-90CE-31B6-1A25DDCB25F3}.Debug|Any CPU.ActiveCfg = Debug|Any CPU
		{B8AC6AFD-0E50-90CE-31B6-1A25DDCB25F3}.Debug|Any CPU.Build.0 = Debug|Any CPU
		{B8AC6AFD-0E50-90CE-31B6-1A25DDCB25F3}.Release|Any CPU.ActiveCfg = Release|Any CPU
		{B8AC6AFD-0E50-90CE-31B6-1A25DDCB25F3}.Release|Any CPU.Build.0 = Release|Any CPU
		{EFD2B61F-7406-78D0-8068-4EC72A186598}.Debug|Any CPU.ActiveCfg = Debug|Any CPU
		{EFD2B61F-7406-78D0-8068-4EC72A186598}.Debug|Any CPU.Build.0 = Debug|Any CPU
		{EFD2B61F-7406-78D0-8068-4EC72A186598}.Release|Any CPU.ActiveCfg = Release|Any CPU
		{EFD2B61F-7406-78D0-8068-4EC72A186598}.Release|Any CPU.Build.0 = Release|Any CPU
		{C076741F-B14A-613A-C911-7869781ABE07}.Debug|Any CPU.ActiveCfg = Debug|Any CPU
		{C076741F-B14A-613A-C911-7869781ABE07}.Debug|Any CPU.Build.0 = Debug|Any CPU
		{C076741F-B14A-613A-C911-7869781ABE07}.Release|Any CPU.ActiveCfg = Release|Any CPU
		{C076741F-B14A-613A-C911-7869781ABE07}.Release|Any CPU.Build.0 = Release|Any CPU
		{0804B9C5-8CA3-578C-B9D4-A0BA0AE42558}.Debug|Any CPU.ActiveCfg = Debug|Any CPU
		{0804B9C5-8CA3-578C-B9D4-A0BA0AE42558}.Debug|Any CPU.Build.0 = Debug|Any CPU
		{0804B9C5-8CA3-578C-B9D4-A0BA0AE42558}.Release|Any CPU.ActiveCfg = Release|Any CPU
		{0804B9C5-8CA3-578C-B9D4-A0BA0AE42558}.Release|Any CPU.Build.0 = Release|Any CPU
	EndGlobalSection
	GlobalSection(SolutionProperties) = preSolution
		HideSolutionNode = FALSE
	EndGlobalSection
EndGlobal
